
Microsoft Visual Studio Solution File, Format Version 12.00
Project("{FAE04EC0-301F-11D3-BF4B-00C04F79EFBC}") = "LeetCode", "L4\LeetCode.csproj", "{BBB9461B-E6C7-4322-B290-4374EDE90D3B}"
EndProject
Global
	GlobalSection(SolutionConfigurationPlatforms) = preSolution
		Debug|Any CPU = Debug|Any CPU
		Release|Any CPU = Release|Any CPU
	EndGlobalSection
	GlobalSection(ProjectConfigurationPlatforms) = postSolution
		{BBB9461B-E6C7-4322-B290-4374EDE90D3B}.Debug|Any CPU.ActiveCfg = Debug|Any CPU
		{BBB9461B-E6C7-4322-B290-4374EDE90D3B}.Debug|Any CPU.Build.0 = Debug|Any CPU
		{BBB9461B-E6C7-4322-B290-4374EDE90D3B}.Release|Any CPU.ActiveCfg = Release|Any CPU
		{BBB9461B-E6C7-4322-B290-4374EDE90D3B}.Release|Any CPU.Build.0 = Release|Any CPU
	EndGlobalSection
EndGlobal
