
Microsoft Visual Studio Solution File, Format Version 12.00
Project("{FAE04EC0-301F-11D3-BF4B-00C04F79EFBC}") = "LeetCode", "L123\LeetCode.csproj", "{E926F85E-4F3C-43A4-9EEA-B056C3D2F4BB}"
EndProject
Global
	GlobalSection(SolutionConfigurationPlatforms) = preSolution
		Debug|Any CPU = Debug|Any CPU
		Release|Any CPU = Release|Any CPU
	EndGlobalSection
	GlobalSection(ProjectConfigurationPlatforms) = postSolution
		{E926F85E-4F3C-43A4-9EEA-B056C3D2F4BB}.Debug|Any CPU.ActiveCfg = Debug|Any CPU
		{E926F85E-4F3C-43A4-9EEA-B056C3D2F4BB}.Debug|Any CPU.Build.0 = Debug|Any CPU
		{E926F85E-4F3C-43A4-9EEA-B056C3D2F4BB}.Release|Any CPU.ActiveCfg = Release|Any CPU
		{E926F85E-4F3C-43A4-9EEA-B056C3D2F4BB}.Release|Any CPU.Build.0 = Release|Any CPU
	EndGlobalSection
EndGlobal
