
Microsoft Visual Studio Solution File, Format Version 12.00
Project("{FAE04EC0-301F-11D3-BF4B-00C04F79EFBC}") = "LeetCode", "L61\LeetCode.csproj", "{8EEEF792-1C90-4454-AF7B-5479E77B9E8D}"
EndProject
Global
	GlobalSection(SolutionConfigurationPlatforms) = preSolution
		Debug|Any CPU = Debug|Any CPU
		Release|Any CPU = Release|Any CPU
	EndGlobalSection
	GlobalSection(ProjectConfigurationPlatforms) = postSolution
		{8EEEF792-1C90-4454-AF7B-5479E77B9E8D}.Debug|Any CPU.ActiveCfg = Debug|Any CPU
		{8EEEF792-1C90-4454-AF7B-5479E77B9E8D}.Debug|Any CPU.Build.0 = Debug|Any CPU
		{8EEEF792-1C90-4454-AF7B-5479E77B9E8D}.Release|Any CPU.ActiveCfg = Release|Any CPU
		{8EEEF792-1C90-4454-AF7B-5479E77B9E8D}.Release|Any CPU.Build.0 = Release|Any CPU
	EndGlobalSection
EndGlobal
