
Microsoft Visual Studio Solution File, Format Version 12.00
Project("{FAE04EC0-301F-11D3-BF4B-00C04F79EFBC}") = "LeetCode", "L226\LeetCode.csproj", "{BC6BBBD4-94C3-49A3-A085-0F32DC6D2BF2}"
EndProject
Global
	GlobalSection(SolutionConfigurationPlatforms) = preSolution
		Debug|Any CPU = Debug|Any CPU
		Release|Any CPU = Release|Any CPU
	EndGlobalSection
	GlobalSection(ProjectConfigurationPlatforms) = postSolution
		{BC6BBBD4-94C3-49A3-A085-0F32DC6D2BF2}.Debug|Any CPU.ActiveCfg = Debug|Any CPU
		{BC6BBBD4-94C3-49A3-A085-0F32DC6D2BF2}.Debug|Any CPU.Build.0 = Debug|Any CPU
		{BC6BBBD4-94C3-49A3-A085-0F32DC6D2BF2}.Release|Any CPU.ActiveCfg = Release|Any CPU
		{BC6BBBD4-94C3-49A3-A085-0F32DC6D2BF2}.Release|Any CPU.Build.0 = Release|Any CPU
	EndGlobalSection
EndGlobal
