
Microsoft Visual Studio Solution File, Format Version 12.00
Project("{FAE04EC0-301F-11D3-BF4B-00C04F79EFBC}") = "L51", "L51\L51.csproj", "{D60B2606-A70E-47B1-BEFE-68815F9A3DD6}"
EndProject
Global
	GlobalSection(SolutionConfigurationPlatforms) = preSolution
		Debug|Any CPU = Debug|Any CPU
		Release|Any CPU = Release|Any CPU
	EndGlobalSection
	GlobalSection(ProjectConfigurationPlatforms) = postSolution
		{D60B2606-A70E-47B1-BEFE-68815F9A3DD6}.Debug|Any CPU.ActiveCfg = Debug|Any CPU
		{D60B2606-A70E-47B1-BEFE-68815F9A3DD6}.Debug|Any CPU.Build.0 = Debug|Any CPU
		{D60B2606-A70E-47B1-BEFE-68815F9A3DD6}.Release|Any CPU.ActiveCfg = Release|Any CPU
		{D60B2606-A70E-47B1-BEFE-68815F9A3DD6}.Release|Any CPU.Build.0 = Release|Any CPU
	EndGlobalSection
EndGlobal
