
Microsoft Visual Studio Solution File, Format Version 12.00
Project("{FAE04EC0-301F-11D3-BF4B-00C04F79EFBC}") = "LeetCode", "L720\LeetCode.csproj", "{BA48BF69-B8E0-48F7-B232-F220E1702695}"
EndProject
Global
	GlobalSection(SolutionConfigurationPlatforms) = preSolution
		Debug|Any CPU = Debug|Any CPU
		Release|Any CPU = Release|Any CPU
	EndGlobalSection
	GlobalSection(ProjectConfigurationPlatforms) = postSolution
		{BA48BF69-B8E0-48F7-B232-F220E1702695}.Debug|Any CPU.ActiveCfg = Debug|Any CPU
		{BA48BF69-B8E0-48F7-B232-F220E1702695}.Debug|Any CPU.Build.0 = Debug|Any CPU
		{BA48BF69-B8E0-48F7-B232-F220E1702695}.Release|Any CPU.ActiveCfg = Release|Any CPU
		{BA48BF69-B8E0-48F7-B232-F220E1702695}.Release|Any CPU.Build.0 = Release|Any CPU
	EndGlobalSection
EndGlobal
