
Microsoft Visual Studio Solution File, Format Version 12.00
Project("{FAE04EC0-301F-11D3-BF4B-00C04F79EFBC}") = "L93", "L93\L93.csproj", "{B019CA17-B042-4D79-9803-F1AD6553A78D}"
EndProject
Global
	GlobalSection(SolutionConfigurationPlatforms) = preSolution
		Debug|Any CPU = Debug|Any CPU
		Release|Any CPU = Release|Any CPU
	EndGlobalSection
	GlobalSection(ProjectConfigurationPlatforms) = postSolution
		{B019CA17-B042-4D79-9803-F1AD6553A78D}.Debug|Any CPU.ActiveCfg = Debug|Any CPU
		{B019CA17-B042-4D79-9803-F1AD6553A78D}.Debug|Any CPU.Build.0 = Debug|Any CPU
		{B019CA17-B042-4D79-9803-F1AD6553A78D}.Release|Any CPU.ActiveCfg = Release|Any CPU
		{B019CA17-B042-4D79-9803-F1AD6553A78D}.Release|Any CPU.Build.0 = Release|Any CPU
	EndGlobalSection
EndGlobal
