
Microsoft Visual Studio Solution File, Format Version 12.00
Project("{FAE04EC0-301F-11D3-BF4B-00C04F79EFBC}") = "MergeTwoSortedLists", "MergeTwoSortedLists\MergeTwoSortedLists.csproj", "{554160E5-5B9F-4557-BE89-89D3AC46038A}"
EndProject
Global
	GlobalSection(SolutionConfigurationPlatforms) = preSolution
		Debug|Any CPU = Debug|Any CPU
		Release|Any CPU = Release|Any CPU
	EndGlobalSection
	GlobalSection(ProjectConfigurationPlatforms) = postSolution
		{554160E5-5B9F-4557-BE89-89D3AC46038A}.Debug|Any CPU.ActiveCfg = Debug|Any CPU
		{554160E5-5B9F-4557-BE89-89D3AC46038A}.Debug|Any CPU.Build.0 = Debug|Any CPU
		{554160E5-5B9F-4557-BE89-89D3AC46038A}.Release|Any CPU.ActiveCfg = Release|Any CPU
		{554160E5-5B9F-4557-BE89-89D3AC46038A}.Release|Any CPU.Build.0 = Release|Any CPU
	EndGlobalSection
EndGlobal
