
Microsoft Visual Studio Solution File, Format Version 12.00
Project("{FAE04EC0-301F-11D3-BF4B-00C04F79EFBC}") = "FindSumFromNodeWithPathOfLength", "FindSumFromNodeWithPathOfLength\FindSumFromNodeWithPathOfLength.csproj", "{4BCAAFF4-8E8F-4888-BCB9-7007FDFDBC65}"
EndProject
Global
	GlobalSection(SolutionConfigurationPlatforms) = preSolution
		Debug|Any CPU = Debug|Any CPU
		Release|Any CPU = Release|Any CPU
	EndGlobalSection
	GlobalSection(ProjectConfigurationPlatforms) = postSolution
		{4BCAAFF4-8E8F-4888-BCB9-7007FDFDBC65}.Debug|Any CPU.ActiveCfg = Debug|Any CPU
		{4BCAAFF4-8E8F-4888-BCB9-7007FDFDBC65}.Debug|Any CPU.Build.0 = Debug|Any CPU
		{4BCAAFF4-8E8F-4888-BCB9-7007FDFDBC65}.Release|Any CPU.ActiveCfg = Release|Any CPU
		{4BCAAFF4-8E8F-4888-BCB9-7007FDFDBC65}.Release|Any CPU.Build.0 = Release|Any CPU
	EndGlobalSection
EndGlobal
