
Microsoft Visual Studio Solution File, Format Version 12.00
Project("{FAE04EC0-301F-11D3-BF4B-00C04F79EFBC}") = "L16", "L16\L16.csproj", "{708C13DE-5696-4A83-BEE1-2CCF0751BEAD}"
EndProject
Global
	GlobalSection(SolutionConfigurationPlatforms) = preSolution
		Debug|Any CPU = Debug|Any CPU
		Release|Any CPU = Release|Any CPU
	EndGlobalSection
	GlobalSection(ProjectConfigurationPlatforms) = postSolution
		{708C13DE-5696-4A83-BEE1-2CCF0751BEAD}.Debug|Any CPU.ActiveCfg = Debug|Any CPU
		{708C13DE-5696-4A83-BEE1-2CCF0751BEAD}.Debug|Any CPU.Build.0 = Debug|Any CPU
		{708C13DE-5696-4A83-BEE1-2CCF0751BEAD}.Release|Any CPU.ActiveCfg = Release|Any CPU
		{708C13DE-5696-4A83-BEE1-2CCF0751BEAD}.Release|Any CPU.Build.0 = Release|Any CPU
	EndGlobalSection
EndGlobal
