
Microsoft Visual Studio Solution File, Format Version 12.00
Project("{FAE04EC0-301F-11D3-BF4B-00C04F79EFBC}") = "LeetCode", "L323\LeetCode.csproj", "{0F422D7B-83DC-4150-8182-D3BD58D59B30}"
EndProject
Global
	GlobalSection(SolutionConfigurationPlatforms) = preSolution
		Debug|Any CPU = Debug|Any CPU
		Release|Any CPU = Release|Any CPU
	EndGlobalSection
	GlobalSection(ProjectConfigurationPlatforms) = postSolution
		{0F422D7B-83DC-4150-8182-D3BD58D59B30}.Debug|Any CPU.ActiveCfg = Debug|Any CPU
		{0F422D7B-83DC-4150-8182-D3BD58D59B30}.Debug|Any CPU.Build.0 = Debug|Any CPU
		{0F422D7B-83DC-4150-8182-D3BD58D59B30}.Release|Any CPU.ActiveCfg = Release|Any CPU
		{0F422D7B-83DC-4150-8182-D3BD58D59B30}.Release|Any CPU.Build.0 = Release|Any CPU
	EndGlobalSection
EndGlobal
