
Microsoft Visual Studio Solution File, Format Version 12.00
Project("{FAE04EC0-301F-11D3-BF4B-00C04F79EFBC}") = "GoogleProblem16", "GoogleProblem16\GoogleProblem16.csproj", "{BCE2646C-D0B6-4CBB-9581-A46F9312E03A}"
EndProject
Global
	GlobalSection(SolutionConfigurationPlatforms) = preSolution
		Debug|Any CPU = Debug|Any CPU
		Release|Any CPU = Release|Any CPU
	EndGlobalSection
	GlobalSection(ProjectConfigurationPlatforms) = postSolution
		{BCE2646C-D0B6-4CBB-9581-A46F9312E03A}.Debug|Any CPU.ActiveCfg = Debug|Any CPU
		{BCE2646C-D0B6-4CBB-9581-A46F9312E03A}.Debug|Any CPU.Build.0 = Debug|Any CPU
		{BCE2646C-D0B6-4CBB-9581-A46F9312E03A}.Release|Any CPU.ActiveCfg = Release|Any CPU
		{BCE2646C-D0B6-4CBB-9581-A46F9312E03A}.Release|Any CPU.Build.0 = Release|Any CPU
	EndGlobalSection
EndGlobal
