
Microsoft Visual Studio Solution File, Format Version 12.00
Project("{FAE04EC0-301F-11D3-BF4B-00C04F79EFBC}") = "GoogleProblem29", "GoogleProblem29\GoogleProblem29.csproj", "{640A61F4-DC29-404A-88A3-C4CA8873646C}"
EndProject
Global
	GlobalSection(SolutionConfigurationPlatforms) = preSolution
		Debug|Any CPU = Debug|Any CPU
		Release|Any CPU = Release|Any CPU
	EndGlobalSection
	GlobalSection(ProjectConfigurationPlatforms) = postSolution
		{640A61F4-DC29-404A-88A3-C4CA8873646C}.Debug|Any CPU.ActiveCfg = Debug|Any CPU
		{640A61F4-DC29-404A-88A3-C4CA8873646C}.Debug|Any CPU.Build.0 = Debug|Any CPU
		{640A61F4-DC29-404A-88A3-C4CA8873646C}.Release|Any CPU.ActiveCfg = Release|Any CPU
		{640A61F4-DC29-404A-88A3-C4CA8873646C}.Release|Any CPU.Build.0 = Release|Any CPU
	EndGlobalSection
EndGlobal
