
Microsoft Visual Studio Solution File, Format Version 12.00
Project("{FAE04EC0-301F-11D3-BF4B-00C04F79EFBC}") = "ReverseLinkedList", "ReverseLinkedList\ReverseLinkedList.csproj", "{9000CF0B-F6C5-4E42-BCF5-2543CB21839E}"
EndProject
Project("{FAE04EC0-301F-11D3-BF4B-00C04F79EFBC}") = "LinkedList", "..\LinkedList\LinkedList\LinkedList.csproj", "{8BEE63FD-AA50-4AE8-B048-575B52F389DA}"
EndProject
Project("{FAE04EC0-301F-11D3-BF4B-00C04F79EFBC}") = "ReverseLinkedList.Test", "ReverseLinkedList.Test\ReverseLinkedList.Test.csproj", "{60B0048C-9A8C-45CD-BF62-CF93DC719D4D}"
EndProject
Global
	GlobalSection(SolutionConfigurationPlatforms) = preSolution
		Debug|Any CPU = Debug|Any CPU
		Release|Any CPU = Release|Any CPU
	EndGlobalSection
	GlobalSection(ProjectConfigurationPlatforms) = postSolution
		{9000CF0B-F6C5-4E42-BCF5-2543CB21839E}.Debug|Any CPU.ActiveCfg = Debug|Any CPU
		{9000CF0B-F6C5-4E42-BCF5-2543CB21839E}.Debug|Any CPU.Build.0 = Debug|Any CPU
		{9000CF0B-F6C5-4E42-BCF5-2543CB21839E}.Release|Any CPU.ActiveCfg = Release|Any CPU
		{9000CF0B-F6C5-4E42-BCF5-2543CB21839E}.Release|Any CPU.Build.0 = Release|Any CPU
		{8BEE63FD-AA50-4AE8-B048-575B52F389DA}.Debug|Any CPU.ActiveCfg = Debug|Any CPU
		{8BEE63FD-AA50-4AE8-B048-575B52F389DA}.Debug|Any CPU.Build.0 = Debug|Any CPU
		{8BEE63FD-AA50-4AE8-B048-575B52F389DA}.Release|Any CPU.ActiveCfg = Release|Any CPU
		{8BEE63FD-AA50-4AE8-B048-575B52F389DA}.Release|Any CPU.Build.0 = Release|Any CPU
		{60B0048C-9A8C-45CD-BF62-CF93DC719D4D}.Debug|Any CPU.ActiveCfg = Debug|Any CPU
		{60B0048C-9A8C-45CD-BF62-CF93DC719D4D}.Debug|Any CPU.Build.0 = Debug|Any CPU
		{60B0048C-9A8C-45CD-BF62-CF93DC719D4D}.Release|Any CPU.ActiveCfg = Release|Any CPU
		{60B0048C-9A8C-45CD-BF62-CF93DC719D4D}.Release|Any CPU.Build.0 = Release|Any CPU
	EndGlobalSection
EndGlobal
