
Microsoft Visual Studio Solution File, Format Version 12.00
Project("{FAE04EC0-301F-11D3-BF4B-00C04F79EFBC}") = "L46", "L46\L46.csproj", "{DB92C847-2214-471D-9D96-ACD21F5702FC}"
EndProject
Global
	GlobalSection(SolutionConfigurationPlatforms) = preSolution
		Debug|Any CPU = Debug|Any CPU
		Release|Any CPU = Release|Any CPU
	EndGlobalSection
	GlobalSection(ProjectConfigurationPlatforms) = postSolution
		{DB92C847-2214-471D-9D96-ACD21F5702FC}.Debug|Any CPU.ActiveCfg = Debug|Any CPU
		{DB92C847-2214-471D-9D96-ACD21F5702FC}.Debug|Any CPU.Build.0 = Debug|Any CPU
		{DB92C847-2214-471D-9D96-ACD21F5702FC}.Release|Any CPU.ActiveCfg = Release|Any CPU
		{DB92C847-2214-471D-9D96-ACD21F5702FC}.Release|Any CPU.Build.0 = Release|Any CPU
	EndGlobalSection
EndGlobal
