
Microsoft Visual Studio Solution File, Format Version 12.00
Project("{FAE04EC0-301F-11D3-BF4B-00C04F79EFBC}") = "LeetCode", "L204\LeetCode.csproj", "{BD4A3DEE-AC41-41A5-8E1B-CF4A9C0AE672}"
EndProject
Global
	GlobalSection(SolutionConfigurationPlatforms) = preSolution
		Debug|Any CPU = Debug|Any CPU
		Release|Any CPU = Release|Any CPU
	EndGlobalSection
	GlobalSection(ProjectConfigurationPlatforms) = postSolution
		{BD4A3DEE-AC41-41A5-8E1B-CF4A9C0AE672}.Debug|Any CPU.ActiveCfg = Debug|Any CPU
		{BD4A3DEE-AC41-41A5-8E1B-CF4A9C0AE672}.Debug|Any CPU.Build.0 = Debug|Any CPU
		{BD4A3DEE-AC41-41A5-8E1B-CF4A9C0AE672}.Release|Any CPU.ActiveCfg = Release|Any CPU
		{BD4A3DEE-AC41-41A5-8E1B-CF4A9C0AE672}.Release|Any CPU.Build.0 = Release|Any CPU
	EndGlobalSection
EndGlobal
