
Microsoft Visual Studio Solution File, Format Version 12.00
Project("{FAE04EC0-301F-11D3-BF4B-00C04F79EFBC}") = "LeetCode", "L435\LeetCode.csproj", "{EDBDF76C-89C5-4EF8-A30E-18F75680D9AA}"
EndProject
Global
	GlobalSection(SolutionConfigurationPlatforms) = preSolution
		Debug|Any CPU = Debug|Any CPU
		Release|Any CPU = Release|Any CPU
	EndGlobalSection
	GlobalSection(ProjectConfigurationPlatforms) = postSolution
		{EDBDF76C-89C5-4EF8-A30E-18F75680D9AA}.Debug|Any CPU.ActiveCfg = Debug|Any CPU
		{EDBDF76C-89C5-4EF8-A30E-18F75680D9AA}.Debug|Any CPU.Build.0 = Debug|Any CPU
		{EDBDF76C-89C5-4EF8-A30E-18F75680D9AA}.Release|Any CPU.ActiveCfg = Release|Any CPU
		{EDBDF76C-89C5-4EF8-A30E-18F75680D9AA}.Release|Any CPU.Build.0 = Release|Any CPU
	EndGlobalSection
EndGlobal
