
Microsoft Visual Studio Solution File, Format Version 12.00
Project("{FAE04EC0-301F-11D3-BF4B-00C04F79EFBC}") = "GoogleProblem21", "GoogleProblem21\GoogleProblem21.csproj", "{8964949A-E192-4F52-8112-D001D8DFCEF7}"
EndProject
Global
	GlobalSection(SolutionConfigurationPlatforms) = preSolution
		Debug|Any CPU = Debug|Any CPU
		Release|Any CPU = Release|Any CPU
	EndGlobalSection
	GlobalSection(ProjectConfigurationPlatforms) = postSolution
		{8964949A-E192-4F52-8112-D001D8DFCEF7}.Debug|Any CPU.ActiveCfg = Debug|Any CPU
		{8964949A-E192-4F52-8112-D001D8DFCEF7}.Debug|Any CPU.Build.0 = Debug|Any CPU
		{8964949A-E192-4F52-8112-D001D8DFCEF7}.Release|Any CPU.ActiveCfg = Release|Any CPU
		{8964949A-E192-4F52-8112-D001D8DFCEF7}.Release|Any CPU.Build.0 = Release|Any CPU
	EndGlobalSection
EndGlobal
