
Microsoft Visual Studio Solution File, Format Version 12.00
Project("{FAE04EC0-301F-11D3-BF4B-00C04F79EFBC}") = "LeetCode", "L102\LeetCode.csproj", "{C48C941E-66D3-4459-A861-478D36474485}"
EndProject
Global
	GlobalSection(SolutionConfigurationPlatforms) = preSolution
		Debug|Any CPU = Debug|Any CPU
		Release|Any CPU = Release|Any CPU
	EndGlobalSection
	GlobalSection(ProjectConfigurationPlatforms) = postSolution
		{C48C941E-66D3-4459-A861-478D36474485}.Debug|Any CPU.ActiveCfg = Debug|Any CPU
		{C48C941E-66D3-4459-A861-478D36474485}.Debug|Any CPU.Build.0 = Debug|Any CPU
		{C48C941E-66D3-4459-A861-478D36474485}.Release|Any CPU.ActiveCfg = Release|Any CPU
		{C48C941E-66D3-4459-A861-478D36474485}.Release|Any CPU.Build.0 = Release|Any CPU
	EndGlobalSection
EndGlobal
