
Microsoft Visual Studio Solution File, Format Version 12.00
Project("{FAE04EC0-301F-11D3-BF4B-00C04F79EFBC}") = "LeetCode", "L118\LeetCode.csproj", "{6610965F-4B3C-4595-810D-804D943C4711}"
EndProject
Global
	GlobalSection(SolutionConfigurationPlatforms) = preSolution
		Debug|Any CPU = Debug|Any CPU
		Release|Any CPU = Release|Any CPU
	EndGlobalSection
	GlobalSection(ProjectConfigurationPlatforms) = postSolution
		{6610965F-4B3C-4595-810D-804D943C4711}.Debug|Any CPU.ActiveCfg = Debug|Any CPU
		{6610965F-4B3C-4595-810D-804D943C4711}.Debug|Any CPU.Build.0 = Debug|Any CPU
		{6610965F-4B3C-4595-810D-804D943C4711}.Release|Any CPU.ActiveCfg = Release|Any CPU
		{6610965F-4B3C-4595-810D-804D943C4711}.Release|Any CPU.Build.0 = Release|Any CPU
	EndGlobalSection
EndGlobal
