
Microsoft Visual Studio Solution File, Format Version 12.00
Project("{FAE04EC0-301F-11D3-BF4B-00C04F79EFBC}") = "L230", "L230\L230.csproj", "{BDC3EA7C-7894-40FD-9D05-C6F8202D747F}"
EndProject
Global
	GlobalSection(SolutionConfigurationPlatforms) = preSolution
		Debug|Any CPU = Debug|Any CPU
		Release|Any CPU = Release|Any CPU
	EndGlobalSection
	GlobalSection(ProjectConfigurationPlatforms) = postSolution
		{BDC3EA7C-7894-40FD-9D05-C6F8202D747F}.Debug|Any CPU.ActiveCfg = Debug|Any CPU
		{BDC3EA7C-7894-40FD-9D05-C6F8202D747F}.Debug|Any CPU.Build.0 = Debug|Any CPU
		{BDC3EA7C-7894-40FD-9D05-C6F8202D747F}.Release|Any CPU.ActiveCfg = Release|Any CPU
		{BDC3EA7C-7894-40FD-9D05-C6F8202D747F}.Release|Any CPU.Build.0 = Release|Any CPU
	EndGlobalSection
EndGlobal
