
Microsoft Visual Studio Solution File, Format Version 12.00
Project("{FAE04EC0-301F-11D3-BF4B-00C04F79EFBC}") = "L34", "L34\L34.csproj", "{E1DDEF7C-CC39-43CF-9218-A1C6212D985C}"
EndProject
Global
	GlobalSection(SolutionConfigurationPlatforms) = preSolution
		Debug|Any CPU = Debug|Any CPU
		Release|Any CPU = Release|Any CPU
	EndGlobalSection
	GlobalSection(ProjectConfigurationPlatforms) = postSolution
		{E1DDEF7C-CC39-43CF-9218-A1C6212D985C}.Debug|Any CPU.ActiveCfg = Debug|Any CPU
		{E1DDEF7C-CC39-43CF-9218-A1C6212D985C}.Debug|Any CPU.Build.0 = Debug|Any CPU
		{E1DDEF7C-CC39-43CF-9218-A1C6212D985C}.Release|Any CPU.ActiveCfg = Release|Any CPU
		{E1DDEF7C-CC39-43CF-9218-A1C6212D985C}.Release|Any CPU.Build.0 = Release|Any CPU
	EndGlobalSection
EndGlobal
