
Microsoft Visual Studio Solution File, Format Version 12.00
Project("{FAE04EC0-301F-11D3-BF4B-00C04F79EFBC}") = "L43", "L43\L43.csproj", "{DF0D4B0E-EA68-4F65-8B7C-96A581EA8E8F}"
EndProject
Global
	GlobalSection(SolutionConfigurationPlatforms) = preSolution
		Debug|Any CPU = Debug|Any CPU
		Release|Any CPU = Release|Any CPU
	EndGlobalSection
	GlobalSection(ProjectConfigurationPlatforms) = postSolution
		{DF0D4B0E-EA68-4F65-8B7C-96A581EA8E8F}.Debug|Any CPU.ActiveCfg = Debug|Any CPU
		{DF0D4B0E-EA68-4F65-8B7C-96A581EA8E8F}.Debug|Any CPU.Build.0 = Debug|Any CPU
		{DF0D4B0E-EA68-4F65-8B7C-96A581EA8E8F}.Release|Any CPU.ActiveCfg = Release|Any CPU
		{DF0D4B0E-EA68-4F65-8B7C-96A581EA8E8F}.Release|Any CPU.Build.0 = Release|Any CPU
	EndGlobalSection
EndGlobal
