
Microsoft Visual Studio Solution File, Format Version 12.00
Project("{FAE04EC0-301F-11D3-BF4B-00C04F79EFBC}") = "Max Network Rank", "Max Network Rank\Max Network Rank.csproj", "{05195FCD-4CA3-4628-BC46-5253A7FE68FD}"
EndProject
Global
	GlobalSection(SolutionConfigurationPlatforms) = preSolution
		Debug|Any CPU = Debug|Any CPU
		Release|Any CPU = Release|Any CPU
	EndGlobalSection
	GlobalSection(ProjectConfigurationPlatforms) = postSolution
		{05195FCD-4CA3-4628-BC46-5253A7FE68FD}.Debug|Any CPU.ActiveCfg = Debug|Any CPU
		{05195FCD-4CA3-4628-BC46-5253A7FE68FD}.Debug|Any CPU.Build.0 = Debug|Any CPU
		{05195FCD-4CA3-4628-BC46-5253A7FE68FD}.Release|Any CPU.ActiveCfg = Release|Any CPU
		{05195FCD-4CA3-4628-BC46-5253A7FE68FD}.Release|Any CPU.Build.0 = Release|Any CPU
	EndGlobalSection
EndGlobal
