
Microsoft Visual Studio Solution File, Format Version 12.00
Project("{FAE04EC0-301F-11D3-BF4B-00C04F79EFBC}") = "LeetCode", "L130\LeetCode.csproj", "{603D080D-1009-48F0-8AC9-B6BF4F07515B}"
EndProject
Global
	GlobalSection(SolutionConfigurationPlatforms) = preSolution
		Debug|Any CPU = Debug|Any CPU
		Release|Any CPU = Release|Any CPU
	EndGlobalSection
	GlobalSection(ProjectConfigurationPlatforms) = postSolution
		{603D080D-1009-48F0-8AC9-B6BF4F07515B}.Debug|Any CPU.ActiveCfg = Debug|Any CPU
		{603D080D-1009-48F0-8AC9-B6BF4F07515B}.Debug|Any CPU.Build.0 = Debug|Any CPU
		{603D080D-1009-48F0-8AC9-B6BF4F07515B}.Release|Any CPU.ActiveCfg = Release|Any CPU
		{603D080D-1009-48F0-8AC9-B6BF4F07515B}.Release|Any CPU.Build.0 = Release|Any CPU
	EndGlobalSection
EndGlobal
