
Microsoft Visual Studio Solution File, Format Version 12.00
Project("{FAE04EC0-301F-11D3-BF4B-00C04F79EFBC}") = "LeetCode", "L199\LeetCode.csproj", "{EBA01295-63A9-42C5-AAFF-A6106D1E803D}"
EndProject
Global
	GlobalSection(SolutionConfigurationPlatforms) = preSolution
		Debug|Any CPU = Debug|Any CPU
		Release|Any CPU = Release|Any CPU
	EndGlobalSection
	GlobalSection(ProjectConfigurationPlatforms) = postSolution
		{EBA01295-63A9-42C5-AAFF-A6106D1E803D}.Debug|Any CPU.ActiveCfg = Debug|Any CPU
		{EBA01295-63A9-42C5-AAFF-A6106D1E803D}.Debug|Any CPU.Build.0 = Debug|Any CPU
		{EBA01295-63A9-42C5-AAFF-A6106D1E803D}.Release|Any CPU.ActiveCfg = Release|Any CPU
		{EBA01295-63A9-42C5-AAFF-A6106D1E803D}.Release|Any CPU.Build.0 = Release|Any CPU
	EndGlobalSection
EndGlobal
