
Microsoft Visual Studio Solution File, Format Version 12.00
Project("{FAE04EC0-301F-11D3-BF4B-00C04F79EFBC}") = "ZAlgorithm", "ZAlgorithm\ZAlgorithm.csproj", "{6FAB3BA5-14F4-4809-923E-C0277B2186ED}"
EndProject
Global
	GlobalSection(SolutionConfigurationPlatforms) = preSolution
		Debug|Any CPU = Debug|Any CPU
		Release|Any CPU = Release|Any CPU
	EndGlobalSection
	GlobalSection(ProjectConfigurationPlatforms) = postSolution
		{6FAB3BA5-14F4-4809-923E-C0277B2186ED}.Debug|Any CPU.ActiveCfg = Debug|Any CPU
		{6FAB3BA5-14F4-4809-923E-C0277B2186ED}.Debug|Any CPU.Build.0 = Debug|Any CPU
		{6FAB3BA5-14F4-4809-923E-C0277B2186ED}.Release|Any CPU.ActiveCfg = Release|Any CPU
		{6FAB3BA5-14F4-4809-923E-C0277B2186ED}.Release|Any CPU.Build.0 = Release|Any CPU
	EndGlobalSection
EndGlobal
