
Microsoft Visual Studio Solution File, Format Version 12.00
Project("{FAE04EC0-301F-11D3-BF4B-00C04F79EFBC}") = "L41", "L41\L41.csproj", "{1906D1C4-3BDD-4E91-AB4E-F8C35F085EE2}"
EndProject
Global
	GlobalSection(SolutionConfigurationPlatforms) = preSolution
		Debug|Any CPU = Debug|Any CPU
		Release|Any CPU = Release|Any CPU
	EndGlobalSection
	GlobalSection(ProjectConfigurationPlatforms) = postSolution
		{1906D1C4-3BDD-4E91-AB4E-F8C35F085EE2}.Debug|Any CPU.ActiveCfg = Debug|Any CPU
		{1906D1C4-3BDD-4E91-AB4E-F8C35F085EE2}.Debug|Any CPU.Build.0 = Debug|Any CPU
		{1906D1C4-3BDD-4E91-AB4E-F8C35F085EE2}.Release|Any CPU.ActiveCfg = Release|Any CPU
		{1906D1C4-3BDD-4E91-AB4E-F8C35F085EE2}.Release|Any CPU.Build.0 = Release|Any CPU
	EndGlobalSection
EndGlobal
