
Microsoft Visual Studio Solution File, Format Version 12.00
Project("{FAE04EC0-301F-11D3-BF4B-00C04F79EFBC}") = "LeetCode", "L260\LeetCode.csproj", "{DAE6ECB9-8C45-4C03-A7B9-DF85F6ABAE16}"
EndProject
Global
	GlobalSection(SolutionConfigurationPlatforms) = preSolution
		Debug|Any CPU = Debug|Any CPU
		Release|Any CPU = Release|Any CPU
	EndGlobalSection
	GlobalSection(ProjectConfigurationPlatforms) = postSolution
		{DAE6ECB9-8C45-4C03-A7B9-DF85F6ABAE16}.Debug|Any CPU.ActiveCfg = Debug|Any CPU
		{DAE6ECB9-8C45-4C03-A7B9-DF85F6ABAE16}.Debug|Any CPU.Build.0 = Debug|Any CPU
		{DAE6ECB9-8C45-4C03-A7B9-DF85F6ABAE16}.Release|Any CPU.ActiveCfg = Release|Any CPU
		{DAE6ECB9-8C45-4C03-A7B9-DF85F6ABAE16}.Release|Any CPU.Build.0 = Release|Any CPU
	EndGlobalSection
EndGlobal
