
Microsoft Visual Studio Solution File, Format Version 12.00
Project("{FAE04EC0-301F-11D3-BF4B-00C04F79EFBC}") = "L2", "L2\L2.csproj", "{8F29787C-D698-4834-8B9A-CDD3863167BF}"
EndProject
Global
	GlobalSection(SolutionConfigurationPlatforms) = preSolution
		Debug|Any CPU = Debug|Any CPU
		Release|Any CPU = Release|Any CPU
	EndGlobalSection
	GlobalSection(ProjectConfigurationPlatforms) = postSolution
		{8F29787C-D698-4834-8B9A-CDD3863167BF}.Debug|Any CPU.ActiveCfg = Debug|Any CPU
		{8F29787C-D698-4834-8B9A-CDD3863167BF}.Debug|Any CPU.Build.0 = Debug|Any CPU
		{8F29787C-D698-4834-8B9A-CDD3863167BF}.Release|Any CPU.ActiveCfg = Release|Any CPU
		{8F29787C-D698-4834-8B9A-CDD3863167BF}.Release|Any CPU.Build.0 = Release|Any CPU
	EndGlobalSection
EndGlobal
