
Microsoft Visual Studio Solution File, Format Version 12.00
Project("{FAE04EC0-301F-11D3-BF4B-00C04F79EFBC}") = "MinMovesObtainStringWithout3IdenticalConsecutiveLetters", "MinMovesObtainStringWithout3IdenticalConsecutiveLetters\MinMovesObtainStringWithout3IdenticalConsecutiveLetters.csproj", "{6CC9774A-EF41-493B-B95F-66EAAE9E194E}"
EndProject
Global
	GlobalSection(SolutionConfigurationPlatforms) = preSolution
		Debug|Any CPU = Debug|Any CPU
		Release|Any CPU = Release|Any CPU
	EndGlobalSection
	GlobalSection(ProjectConfigurationPlatforms) = postSolution
		{6CC9774A-EF41-493B-B95F-66EAAE9E194E}.Debug|Any CPU.ActiveCfg = Debug|Any CPU
		{6CC9774A-EF41-493B-B95F-66EAAE9E194E}.Debug|Any CPU.Build.0 = Debug|Any CPU
		{6CC9774A-EF41-493B-B95F-66EAAE9E194E}.Release|Any CPU.ActiveCfg = Release|Any CPU
		{6CC9774A-EF41-493B-B95F-66EAAE9E194E}.Release|Any CPU.Build.0 = Release|Any CPU
	EndGlobalSection
EndGlobal
