
Microsoft Visual Studio Solution File, Format Version 12.00
Project("{FAE04EC0-301F-11D3-BF4B-00C04F79EFBC}") = "LeetCode", "TestProject1\LeetCode.csproj", "{95638474-3B59-4584-B3DB-76088210BDE0}"
EndProject
Global
	GlobalSection(SolutionConfigurationPlatforms) = preSolution
		Debug|Any CPU = Debug|Any CPU
		Release|Any CPU = Release|Any CPU
	EndGlobalSection
	GlobalSection(ProjectConfigurationPlatforms) = postSolution
		{95638474-3B59-4584-B3DB-76088210BDE0}.Debug|Any CPU.ActiveCfg = Debug|Any CPU
		{95638474-3B59-4584-B3DB-76088210BDE0}.Debug|Any CPU.Build.0 = Debug|Any CPU
		{95638474-3B59-4584-B3DB-76088210BDE0}.Release|Any CPU.ActiveCfg = Release|Any CPU
		{95638474-3B59-4584-B3DB-76088210BDE0}.Release|Any CPU.Build.0 = Release|Any CPU
	EndGlobalSection
EndGlobal
