
Microsoft Visual Studio Solution File, Format Version 12.00
Project("{FAE04EC0-301F-11D3-BF4B-00C04F79EFBC}") = "LeetCode", "L174\LeetCode.csproj", "{2F2D7B63-1C33-4492-9640-8D17E71560ED}"
EndProject
Global
	GlobalSection(SolutionConfigurationPlatforms) = preSolution
		Debug|Any CPU = Debug|Any CPU
		Release|Any CPU = Release|Any CPU
	EndGlobalSection
	GlobalSection(ProjectConfigurationPlatforms) = postSolution
		{2F2D7B63-1C33-4492-9640-8D17E71560ED}.Debug|Any CPU.ActiveCfg = Debug|Any CPU
		{2F2D7B63-1C33-4492-9640-8D17E71560ED}.Debug|Any CPU.Build.0 = Debug|Any CPU
		{2F2D7B63-1C33-4492-9640-8D17E71560ED}.Release|Any CPU.ActiveCfg = Release|Any CPU
		{2F2D7B63-1C33-4492-9640-8D17E71560ED}.Release|Any CPU.Build.0 = Release|Any CPU
	EndGlobalSection
EndGlobal
