
Microsoft Visual Studio Solution File, Format Version 12.00
Project("{FAE04EC0-301F-11D3-BF4B-00C04F79EFBC}") = "LeetCode", "FixedPoint\LeetCode.csproj", "{26321AFB-EE26-4F23-B900-014233158134}"
EndProject
Global
	GlobalSection(SolutionConfigurationPlatforms) = preSolution
		Debug|Any CPU = Debug|Any CPU
		Release|Any CPU = Release|Any CPU
	EndGlobalSection
	GlobalSection(ProjectConfigurationPlatforms) = postSolution
		{26321AFB-EE26-4F23-B900-014233158134}.Debug|Any CPU.ActiveCfg = Debug|Any CPU
		{26321AFB-EE26-4F23-B900-014233158134}.Debug|Any CPU.Build.0 = Debug|Any CPU
		{26321AFB-EE26-4F23-B900-014233158134}.Release|Any CPU.ActiveCfg = Release|Any CPU
		{26321AFB-EE26-4F23-B900-014233158134}.Release|Any CPU.Build.0 = Release|Any CPU
	EndGlobalSection
EndGlobal
