
Microsoft Visual Studio Solution File, Format Version 12.00
Project("{FAE04EC0-301F-11D3-BF4B-00C04F79EFBC}") = "LeetCode", "L172\LeetCode.csproj", "{11ECA62E-8A1E-4A90-B953-5C248C2ACD59}"
EndProject
Global
	GlobalSection(SolutionConfigurationPlatforms) = preSolution
		Debug|Any CPU = Debug|Any CPU
		Release|Any CPU = Release|Any CPU
	EndGlobalSection
	GlobalSection(ProjectConfigurationPlatforms) = postSolution
		{11ECA62E-8A1E-4A90-B953-5C248C2ACD59}.Debug|Any CPU.ActiveCfg = Debug|Any CPU
		{11ECA62E-8A1E-4A90-B953-5C248C2ACD59}.Debug|Any CPU.Build.0 = Debug|Any CPU
		{11ECA62E-8A1E-4A90-B953-5C248C2ACD59}.Release|Any CPU.ActiveCfg = Release|Any CPU
		{11ECA62E-8A1E-4A90-B953-5C248C2ACD59}.Release|Any CPU.Build.0 = Release|Any CPU
	EndGlobalSection
EndGlobal
