
Microsoft Visual Studio Solution File, Format Version 12.00
Project("{FAE04EC0-301F-11D3-BF4B-00C04F79EFBC}") = "L1277", "L1277\L1277.csproj", "{9916BC35-7734-4174-A98A-BA8444D2E243}"
EndProject
Global
	GlobalSection(SolutionConfigurationPlatforms) = preSolution
		Debug|Any CPU = Debug|Any CPU
		Release|Any CPU = Release|Any CPU
	EndGlobalSection
	GlobalSection(ProjectConfigurationPlatforms) = postSolution
		{9916BC35-7734-4174-A98A-BA8444D2E243}.Debug|Any CPU.ActiveCfg = Debug|Any CPU
		{9916BC35-7734-4174-A98A-BA8444D2E243}.Debug|Any CPU.Build.0 = Debug|Any CPU
		{9916BC35-7734-4174-A98A-BA8444D2E243}.Release|Any CPU.ActiveCfg = Release|Any CPU
		{9916BC35-7734-4174-A98A-BA8444D2E243}.Release|Any CPU.Build.0 = Release|Any CPU
	EndGlobalSection
EndGlobal
