
Microsoft Visual Studio Solution File, Format Version 12.00
Project("{FAE04EC0-301F-11D3-BF4B-00C04F79EFBC}") = "LeetCode", "L122\LeetCode.csproj", "{3574277F-0590-4C98-8685-C4D59F1263C3}"
EndProject
Global
	GlobalSection(SolutionConfigurationPlatforms) = preSolution
		Debug|Any CPU = Debug|Any CPU
		Release|Any CPU = Release|Any CPU
	EndGlobalSection
	GlobalSection(ProjectConfigurationPlatforms) = postSolution
		{3574277F-0590-4C98-8685-C4D59F1263C3}.Debug|Any CPU.ActiveCfg = Debug|Any CPU
		{3574277F-0590-4C98-8685-C4D59F1263C3}.Debug|Any CPU.Build.0 = Debug|Any CPU
		{3574277F-0590-4C98-8685-C4D59F1263C3}.Release|Any CPU.ActiveCfg = Release|Any CPU
		{3574277F-0590-4C98-8685-C4D59F1263C3}.Release|Any CPU.Build.0 = Release|Any CPU
	EndGlobalSection
EndGlobal
