
Microsoft Visual Studio Solution File, Format Version 12.00
Project("{FAE04EC0-301F-11D3-BF4B-00C04F79EFBC}") = "LeetCode", "L108\LeetCode.csproj", "{2E989A83-097A-46BB-9195-976D0F3A3BDB}"
EndProject
Global
	GlobalSection(SolutionConfigurationPlatforms) = preSolution
		Debug|Any CPU = Debug|Any CPU
		Release|Any CPU = Release|Any CPU
	EndGlobalSection
	GlobalSection(ProjectConfigurationPlatforms) = postSolution
		{2E989A83-097A-46BB-9195-976D0F3A3BDB}.Debug|Any CPU.ActiveCfg = Debug|Any CPU
		{2E989A83-097A-46BB-9195-976D0F3A3BDB}.Debug|Any CPU.Build.0 = Debug|Any CPU
		{2E989A83-097A-46BB-9195-976D0F3A3BDB}.Release|Any CPU.ActiveCfg = Release|Any CPU
		{2E989A83-097A-46BB-9195-976D0F3A3BDB}.Release|Any CPU.Build.0 = Release|Any CPU
	EndGlobalSection
EndGlobal
