
Microsoft Visual Studio Solution File, Format Version 12.00
Project("{FAE04EC0-301F-11D3-BF4B-00C04F79EFBC}") = "LeetCode", "L300\LeetCode.csproj", "{0805FA16-4A39-4E8C-BFAC-996BCFF03DA7}"
EndProject
Global
	GlobalSection(SolutionConfigurationPlatforms) = preSolution
		Debug|Any CPU = Debug|Any CPU
		Release|Any CPU = Release|Any CPU
	EndGlobalSection
	GlobalSection(ProjectConfigurationPlatforms) = postSolution
		{0805FA16-4A39-4E8C-BFAC-996BCFF03DA7}.Debug|Any CPU.ActiveCfg = Debug|Any CPU
		{0805FA16-4A39-4E8C-BFAC-996BCFF03DA7}.Debug|Any CPU.Build.0 = Debug|Any CPU
		{0805FA16-4A39-4E8C-BFAC-996BCFF03DA7}.Release|Any CPU.ActiveCfg = Release|Any CPU
		{0805FA16-4A39-4E8C-BFAC-996BCFF03DA7}.Release|Any CPU.Build.0 = Release|Any CPU
	EndGlobalSection
EndGlobal
