
Microsoft Visual Studio Solution File, Format Version 12.00
Project("{FAE04EC0-301F-11D3-BF4B-00C04F79EFBC}") = "L38", "L38\L38.csproj", "{AA021253-3043-4C2C-9552-9333CC1E817C}"
EndProject
Global
	GlobalSection(SolutionConfigurationPlatforms) = preSolution
		Debug|Any CPU = Debug|Any CPU
		Release|Any CPU = Release|Any CPU
	EndGlobalSection
	GlobalSection(ProjectConfigurationPlatforms) = postSolution
		{AA021253-3043-4C2C-9552-9333CC1E817C}.Debug|Any CPU.ActiveCfg = Debug|Any CPU
		{AA021253-3043-4C2C-9552-9333CC1E817C}.Debug|Any CPU.Build.0 = Debug|Any CPU
		{AA021253-3043-4C2C-9552-9333CC1E817C}.Release|Any CPU.ActiveCfg = Release|Any CPU
		{AA021253-3043-4C2C-9552-9333CC1E817C}.Release|Any CPU.Build.0 = Release|Any CPU
	EndGlobalSection
EndGlobal
