
Microsoft Visual Studio Solution File, Format Version 12.00
Project("{FAE04EC0-301F-11D3-BF4B-00C04F79EFBC}") = "L50", "L50\L50.csproj", "{5F3B43AB-B162-401A-9367-F6B0E2713CA5}"
EndProject
Global
	GlobalSection(SolutionConfigurationPlatforms) = preSolution
		Debug|Any CPU = Debug|Any CPU
		Release|Any CPU = Release|Any CPU
	EndGlobalSection
	GlobalSection(ProjectConfigurationPlatforms) = postSolution
		{5F3B43AB-B162-401A-9367-F6B0E2713CA5}.Debug|Any CPU.ActiveCfg = Debug|Any CPU
		{5F3B43AB-B162-401A-9367-F6B0E2713CA5}.Debug|Any CPU.Build.0 = Debug|Any CPU
		{5F3B43AB-B162-401A-9367-F6B0E2713CA5}.Release|Any CPU.ActiveCfg = Release|Any CPU
		{5F3B43AB-B162-401A-9367-F6B0E2713CA5}.Release|Any CPU.Build.0 = Release|Any CPU
	EndGlobalSection
EndGlobal
