
Microsoft Visual Studio Solution File, Format Version 12.00
Project("{FAE04EC0-301F-11D3-BF4B-00C04F79EFBC}") = "LeetCode", "L231\LeetCode.csproj", "{49F79750-DF81-42D1-A8D7-4A2EF532851B}"
EndProject
Global
	GlobalSection(SolutionConfigurationPlatforms) = preSolution
		Debug|Any CPU = Debug|Any CPU
		Release|Any CPU = Release|Any CPU
	EndGlobalSection
	GlobalSection(ProjectConfigurationPlatforms) = postSolution
		{49F79750-DF81-42D1-A8D7-4A2EF532851B}.Debug|Any CPU.ActiveCfg = Debug|Any CPU
		{49F79750-DF81-42D1-A8D7-4A2EF532851B}.Debug|Any CPU.Build.0 = Debug|Any CPU
		{49F79750-DF81-42D1-A8D7-4A2EF532851B}.Release|Any CPU.ActiveCfg = Release|Any CPU
		{49F79750-DF81-42D1-A8D7-4A2EF532851B}.Release|Any CPU.Build.0 = Release|Any CPU
	EndGlobalSection
EndGlobal
