
Microsoft Visual Studio Solution File, Format Version 12.00
Project("{FAE04EC0-301F-11D3-BF4B-00C04F79EFBC}") = "L724", "L724\L724.csproj", "{6DD8BF1D-A646-4240-9D41-490EE2BED0B7}"
EndProject
Global
	GlobalSection(SolutionConfigurationPlatforms) = preSolution
		Debug|Any CPU = Debug|Any CPU
		Release|Any CPU = Release|Any CPU
	EndGlobalSection
	GlobalSection(ProjectConfigurationPlatforms) = postSolution
		{6DD8BF1D-A646-4240-9D41-490EE2BED0B7}.Debug|Any CPU.ActiveCfg = Debug|Any CPU
		{6DD8BF1D-A646-4240-9D41-490EE2BED0B7}.Debug|Any CPU.Build.0 = Debug|Any CPU
		{6DD8BF1D-A646-4240-9D41-490EE2BED0B7}.Release|Any CPU.ActiveCfg = Release|Any CPU
		{6DD8BF1D-A646-4240-9D41-490EE2BED0B7}.Release|Any CPU.Build.0 = Release|Any CPU
	EndGlobalSection
EndGlobal
