
Microsoft Visual Studio Solution File, Format Version 12.00
Project("{FAE04EC0-301F-11D3-BF4B-00C04F79EFBC}") = "L44", "L44\L44.csproj", "{F203E0AB-FBEC-4627-93EC-12A64EEAC29A}"
EndProject
Global
	GlobalSection(SolutionConfigurationPlatforms) = preSolution
		Debug|Any CPU = Debug|Any CPU
		Release|Any CPU = Release|Any CPU
	EndGlobalSection
	GlobalSection(ProjectConfigurationPlatforms) = postSolution
		{F203E0AB-FBEC-4627-93EC-12A64EEAC29A}.Debug|Any CPU.ActiveCfg = Debug|Any CPU
		{F203E0AB-FBEC-4627-93EC-12A64EEAC29A}.Debug|Any CPU.Build.0 = Debug|Any CPU
		{F203E0AB-FBEC-4627-93EC-12A64EEAC29A}.Release|Any CPU.ActiveCfg = Release|Any CPU
		{F203E0AB-FBEC-4627-93EC-12A64EEAC29A}.Release|Any CPU.Build.0 = Release|Any CPU
	EndGlobalSection
EndGlobal
