
Microsoft Visual Studio Solution File, Format Version 12.00
Project("{FAE04EC0-301F-11D3-BF4B-00C04F79EFBC}") = "LeetCode", "L144\LeetCode.csproj", "{F8619EAE-4C45-4AD4-957E-09830EDD5383}"
EndProject
Global
	GlobalSection(SolutionConfigurationPlatforms) = preSolution
		Debug|Any CPU = Debug|Any CPU
		Release|Any CPU = Release|Any CPU
	EndGlobalSection
	GlobalSection(ProjectConfigurationPlatforms) = postSolution
		{F8619EAE-4C45-4AD4-957E-09830EDD5383}.Debug|Any CPU.ActiveCfg = Debug|Any CPU
		{F8619EAE-4C45-4AD4-957E-09830EDD5383}.Debug|Any CPU.Build.0 = Debug|Any CPU
		{F8619EAE-4C45-4AD4-957E-09830EDD5383}.Release|Any CPU.ActiveCfg = Release|Any CPU
		{F8619EAE-4C45-4AD4-957E-09830EDD5383}.Release|Any CPU.Build.0 = Release|Any CPU
	EndGlobalSection
EndGlobal
