
Microsoft Visual Studio Solution File, Format Version 12.00
Project("{FAE04EC0-301F-11D3-BF4B-00C04F79EFBC}") = "LeetCode", "L238\LeetCode.csproj", "{385BE755-6D72-4446-9035-993B43182FAA}"
EndProject
Global
	GlobalSection(SolutionConfigurationPlatforms) = preSolution
		Debug|Any CPU = Debug|Any CPU
		Release|Any CPU = Release|Any CPU
	EndGlobalSection
	GlobalSection(ProjectConfigurationPlatforms) = postSolution
		{385BE755-6D72-4446-9035-993B43182FAA}.Debug|Any CPU.ActiveCfg = Debug|Any CPU
		{385BE755-6D72-4446-9035-993B43182FAA}.Debug|Any CPU.Build.0 = Debug|Any CPU
		{385BE755-6D72-4446-9035-993B43182FAA}.Release|Any CPU.ActiveCfg = Release|Any CPU
		{385BE755-6D72-4446-9035-993B43182FAA}.Release|Any CPU.Build.0 = Release|Any CPU
	EndGlobalSection
EndGlobal
