
Microsoft Visual Studio Solution File, Format Version 12.00
Project("{FAE04EC0-301F-11D3-BF4B-00C04F79EFBC}") = "L88", "L88\L88.csproj", "{6EF19136-E01F-4158-96F9-5AD784E179C8}"
EndProject
Global
	GlobalSection(SolutionConfigurationPlatforms) = preSolution
		Debug|Any CPU = Debug|Any CPU
		Release|Any CPU = Release|Any CPU
	EndGlobalSection
	GlobalSection(ProjectConfigurationPlatforms) = postSolution
		{6EF19136-E01F-4158-96F9-5AD784E179C8}.Debug|Any CPU.ActiveCfg = Debug|Any CPU
		{6EF19136-E01F-4158-96F9-5AD784E179C8}.Debug|Any CPU.Build.0 = Debug|Any CPU
		{6EF19136-E01F-4158-96F9-5AD784E179C8}.Release|Any CPU.ActiveCfg = Release|Any CPU
		{6EF19136-E01F-4158-96F9-5AD784E179C8}.Release|Any CPU.Build.0 = Release|Any CPU
	EndGlobalSection
EndGlobal
