
Microsoft Visual Studio Solution File, Format Version 12.00
Project("{FAE04EC0-301F-11D3-BF4B-00C04F79EFBC}") = "SuffixArray", "SuffixArray\SuffixArray.csproj", "{910E5F66-AA82-464B-A79E-CC5F26F571F0}"
EndProject
Project("{FAE04EC0-301F-11D3-BF4B-00C04F79EFBC}") = "SuffixArray.Test", "SuffixArray.Test\SuffixArray.Test.csproj", "{290BC2BD-D60B-4FE5-AA74-03FD9514FE33}"
EndProject
Global
	GlobalSection(SolutionConfigurationPlatforms) = preSolution
		Debug|Any CPU = Debug|Any CPU
		Release|Any CPU = Release|Any CPU
	EndGlobalSection
	GlobalSection(ProjectConfigurationPlatforms) = postSolution
		{910E5F66-AA82-464B-A79E-CC5F26F571F0}.Debug|Any CPU.ActiveCfg = Debug|Any CPU
		{910E5F66-AA82-464B-A79E-CC5F26F571F0}.Debug|Any CPU.Build.0 = Debug|Any CPU
		{910E5F66-AA82-464B-A79E-CC5F26F571F0}.Release|Any CPU.ActiveCfg = Release|Any CPU
		{910E5F66-AA82-464B-A79E-CC5F26F571F0}.Release|Any CPU.Build.0 = Release|Any CPU
		{290BC2BD-D60B-4FE5-AA74-03FD9514FE33}.Debug|Any CPU.ActiveCfg = Debug|Any CPU
		{290BC2BD-D60B-4FE5-AA74-03FD9514FE33}.Debug|Any CPU.Build.0 = Debug|Any CPU
		{290BC2BD-D60B-4FE5-AA74-03FD9514FE33}.Release|Any CPU.ActiveCfg = Release|Any CPU
		{290BC2BD-D60B-4FE5-AA74-03FD9514FE33}.Release|Any CPU.Build.0 = Release|Any CPU
	EndGlobalSection
EndGlobal
