
Microsoft Visual Studio Solution File, Format Version 12.00
Project("{FAE04EC0-301F-11D3-BF4B-00C04F79EFBC}") = "GrokkingAlgorithms_TotesAndShirts", "GrokkingAlgorithms_TotesAndShirts\GrokkingAlgorithms_TotesAndShirts.csproj", "{20B4BAFC-A09A-4C22-94AF-74D56AF3A076}"
EndProject
Global
	GlobalSection(SolutionConfigurationPlatforms) = preSolution
		Debug|Any CPU = Debug|Any CPU
		Release|Any CPU = Release|Any CPU
	EndGlobalSection
	GlobalSection(ProjectConfigurationPlatforms) = postSolution
		{20B4BAFC-A09A-4C22-94AF-74D56AF3A076}.Debug|Any CPU.ActiveCfg = Debug|Any CPU
		{20B4BAFC-A09A-4C22-94AF-74D56AF3A076}.Debug|Any CPU.Build.0 = Debug|Any CPU
		{20B4BAFC-A09A-4C22-94AF-74D56AF3A076}.Release|Any CPU.ActiveCfg = Release|Any CPU
		{20B4BAFC-A09A-4C22-94AF-74D56AF3A076}.Release|Any CPU.Build.0 = Release|Any CPU
	EndGlobalSection
EndGlobal
