
Microsoft Visual Studio Solution File, Format Version 12.00
Project("{FAE04EC0-301F-11D3-BF4B-00C04F79EFBC}") = "L992", "L992\L992.csproj", "{C54A8B85-D5F7-42CC-B049-1B18115052F1}"
EndProject
Global
	GlobalSection(SolutionConfigurationPlatforms) = preSolution
		Debug|Any CPU = Debug|Any CPU
		Release|Any CPU = Release|Any CPU
	EndGlobalSection
	GlobalSection(ProjectConfigurationPlatforms) = postSolution
		{C54A8B85-D5F7-42CC-B049-1B18115052F1}.Debug|Any CPU.ActiveCfg = Debug|Any CPU
		{C54A8B85-D5F7-42CC-B049-1B18115052F1}.Debug|Any CPU.Build.0 = Debug|Any CPU
		{C54A8B85-D5F7-42CC-B049-1B18115052F1}.Release|Any CPU.ActiveCfg = Release|Any CPU
		{C54A8B85-D5F7-42CC-B049-1B18115052F1}.Release|Any CPU.Build.0 = Release|Any CPU
	EndGlobalSection
EndGlobal
