
Microsoft Visual Studio Solution File, Format Version 12.00
Project("{FAE04EC0-301F-11D3-BF4B-00C04F79EFBC}") = "LeetCode", "L297\LeetCode.csproj", "{64834212-A135-45BB-9A8A-3C1657ABB515}"
EndProject
Global
	GlobalSection(SolutionConfigurationPlatforms) = preSolution
		Debug|Any CPU = Debug|Any CPU
		Release|Any CPU = Release|Any CPU
	EndGlobalSection
	GlobalSection(ProjectConfigurationPlatforms) = postSolution
		{64834212-A135-45BB-9A8A-3C1657ABB515}.Debug|Any CPU.ActiveCfg = Debug|Any CPU
		{64834212-A135-45BB-9A8A-3C1657ABB515}.Debug|Any CPU.Build.0 = Debug|Any CPU
		{64834212-A135-45BB-9A8A-3C1657ABB515}.Release|Any CPU.ActiveCfg = Release|Any CPU
		{64834212-A135-45BB-9A8A-3C1657ABB515}.Release|Any CPU.Build.0 = Release|Any CPU
	EndGlobalSection
EndGlobal
