
Microsoft Visual Studio Solution File, Format Version 12.00
Project("{FAE04EC0-301F-11D3-BF4B-00C04F79EFBC}") = "L221", "L221\L221.csproj", "{7C939F97-A96D-4A5A-AA32-599CA254C92D}"
EndProject
Global
	GlobalSection(SolutionConfigurationPlatforms) = preSolution
		Debug|Any CPU = Debug|Any CPU
		Release|Any CPU = Release|Any CPU
	EndGlobalSection
	GlobalSection(ProjectConfigurationPlatforms) = postSolution
		{7C939F97-A96D-4A5A-AA32-599CA254C92D}.Debug|Any CPU.ActiveCfg = Debug|Any CPU
		{7C939F97-A96D-4A5A-AA32-599CA254C92D}.Debug|Any CPU.Build.0 = Debug|Any CPU
		{7C939F97-A96D-4A5A-AA32-599CA254C92D}.Release|Any CPU.ActiveCfg = Release|Any CPU
		{7C939F97-A96D-4A5A-AA32-599CA254C92D}.Release|Any CPU.Build.0 = Release|Any CPU
	EndGlobalSection
EndGlobal
