
Microsoft Visual Studio Solution File, Format Version 12.00
Project("{FAE04EC0-301F-11D3-BF4B-00C04F79EFBC}") = "DistortedPalindrome", "DistortedPalindrome\DistortedPalindrome.csproj", "{F56F4B20-8720-475F-9021-8EA04C7344EF}"
EndProject
Global
	GlobalSection(SolutionConfigurationPlatforms) = preSolution
		Debug|Any CPU = Debug|Any CPU
		Release|Any CPU = Release|Any CPU
	EndGlobalSection
	GlobalSection(ProjectConfigurationPlatforms) = postSolution
		{F56F4B20-8720-475F-9021-8EA04C7344EF}.Debug|Any CPU.ActiveCfg = Debug|Any CPU
		{F56F4B20-8720-475F-9021-8EA04C7344EF}.Debug|Any CPU.Build.0 = Debug|Any CPU
		{F56F4B20-8720-475F-9021-8EA04C7344EF}.Release|Any CPU.ActiveCfg = Release|Any CPU
		{F56F4B20-8720-475F-9021-8EA04C7344EF}.Release|Any CPU.Build.0 = Release|Any CPU
	EndGlobalSection
EndGlobal
