
Microsoft Visual Studio Solution File, Format Version 12.00
Project("{FAE04EC0-301F-11D3-BF4B-00C04F79EFBC}") = "LeetCode", "L494\LeetCode.csproj", "{3516B514-F16B-4C1E-BC2A-153E22A3417D}"
EndProject
Global
	GlobalSection(SolutionConfigurationPlatforms) = preSolution
		Debug|Any CPU = Debug|Any CPU
		Release|Any CPU = Release|Any CPU
	EndGlobalSection
	GlobalSection(ProjectConfigurationPlatforms) = postSolution
		{3516B514-F16B-4C1E-BC2A-153E22A3417D}.Debug|Any CPU.ActiveCfg = Debug|Any CPU
		{3516B514-F16B-4C1E-BC2A-153E22A3417D}.Debug|Any CPU.Build.0 = Debug|Any CPU
		{3516B514-F16B-4C1E-BC2A-153E22A3417D}.Release|Any CPU.ActiveCfg = Release|Any CPU
		{3516B514-F16B-4C1E-BC2A-153E22A3417D}.Release|Any CPU.Build.0 = Release|Any CPU
	EndGlobalSection
EndGlobal
