
Microsoft Visual Studio Solution File, Format Version 12.00
Project("{FAE04EC0-301F-11D3-BF4B-00C04F79EFBC}") = "LeetCode", "L70\LeetCode.csproj", "{776FC569-6645-4320-B008-0D1651C5E843}"
EndProject
Global
	GlobalSection(SolutionConfigurationPlatforms) = preSolution
		Debug|Any CPU = Debug|Any CPU
		Release|Any CPU = Release|Any CPU
	EndGlobalSection
	GlobalSection(ProjectConfigurationPlatforms) = postSolution
		{776FC569-6645-4320-B008-0D1651C5E843}.Debug|Any CPU.ActiveCfg = Debug|Any CPU
		{776FC569-6645-4320-B008-0D1651C5E843}.Debug|Any CPU.Build.0 = Debug|Any CPU
		{776FC569-6645-4320-B008-0D1651C5E843}.Release|Any CPU.ActiveCfg = Release|Any CPU
		{776FC569-6645-4320-B008-0D1651C5E843}.Release|Any CPU.Build.0 = Release|Any CPU
	EndGlobalSection
EndGlobal
