
Microsoft Visual Studio Solution File, Format Version 12.00
Project("{FAE04EC0-301F-11D3-BF4B-00C04F79EFBC}") = "LeetCode", "L63\LeetCode.csproj", "{FEF9057D-F7F2-4895-9C68-5B32AB020AED}"
EndProject
Global
	GlobalSection(SolutionConfigurationPlatforms) = preSolution
		Debug|Any CPU = Debug|Any CPU
		Release|Any CPU = Release|Any CPU
	EndGlobalSection
	GlobalSection(ProjectConfigurationPlatforms) = postSolution
		{FEF9057D-F7F2-4895-9C68-5B32AB020AED}.Debug|Any CPU.ActiveCfg = Debug|Any CPU
		{FEF9057D-F7F2-4895-9C68-5B32AB020AED}.Debug|Any CPU.Build.0 = Debug|Any CPU
		{FEF9057D-F7F2-4895-9C68-5B32AB020AED}.Release|Any CPU.ActiveCfg = Release|Any CPU
		{FEF9057D-F7F2-4895-9C68-5B32AB020AED}.Release|Any CPU.Build.0 = Release|Any CPU
	EndGlobalSection
EndGlobal
