
Microsoft Visual Studio Solution File, Format Version 12.00
Project("{FAE04EC0-301F-11D3-BF4B-00C04F79EFBC}") = "L1291", "L1291\L1291.csproj", "{A8E69255-8926-4800-B93F-1ADCC1B6C1C3}"
EndProject
Global
	GlobalSection(SolutionConfigurationPlatforms) = preSolution
		Debug|Any CPU = Debug|Any CPU
		Release|Any CPU = Release|Any CPU
	EndGlobalSection
	GlobalSection(ProjectConfigurationPlatforms) = postSolution
		{A8E69255-8926-4800-B93F-1ADCC1B6C1C3}.Debug|Any CPU.ActiveCfg = Debug|Any CPU
		{A8E69255-8926-4800-B93F-1ADCC1B6C1C3}.Debug|Any CPU.Build.0 = Debug|Any CPU
		{A8E69255-8926-4800-B93F-1ADCC1B6C1C3}.Release|Any CPU.ActiveCfg = Release|Any CPU
		{A8E69255-8926-4800-B93F-1ADCC1B6C1C3}.Release|Any CPU.Build.0 = Release|Any CPU
	EndGlobalSection
EndGlobal
