
Microsoft Visual Studio Solution File, Format Version 12.00
Project("{FAE04EC0-301F-11D3-BF4B-00C04F79EFBC}") = "LeetCode", "L232\LeetCode.csproj", "{FD275A0B-6DE9-41FB-B34F-59124D9781E0}"
EndProject
Global
	GlobalSection(SolutionConfigurationPlatforms) = preSolution
		Debug|Any CPU = Debug|Any CPU
		Release|Any CPU = Release|Any CPU
	EndGlobalSection
	GlobalSection(ProjectConfigurationPlatforms) = postSolution
		{FD275A0B-6DE9-41FB-B34F-59124D9781E0}.Debug|Any CPU.ActiveCfg = Debug|Any CPU
		{FD275A0B-6DE9-41FB-B34F-59124D9781E0}.Debug|Any CPU.Build.0 = Debug|Any CPU
		{FD275A0B-6DE9-41FB-B34F-59124D9781E0}.Release|Any CPU.ActiveCfg = Release|Any CPU
		{FD275A0B-6DE9-41FB-B34F-59124D9781E0}.Release|Any CPU.Build.0 = Release|Any CPU
	EndGlobalSection
EndGlobal
