
Microsoft Visual Studio Solution File, Format Version 12.00
Project("{FAE04EC0-301F-11D3-BF4B-00C04F79EFBC}") = "GoogleProblem22", "GoogleProblem22\GoogleProblem22.csproj", "{129444E9-098F-4A7E-8F81-78DE61B6FC79}"
EndProject
Global
	GlobalSection(SolutionConfigurationPlatforms) = preSolution
		Debug|Any CPU = Debug|Any CPU
		Release|Any CPU = Release|Any CPU
	EndGlobalSection
	GlobalSection(ProjectConfigurationPlatforms) = postSolution
		{129444E9-098F-4A7E-8F81-78DE61B6FC79}.Debug|Any CPU.ActiveCfg = Debug|Any CPU
		{129444E9-098F-4A7E-8F81-78DE61B6FC79}.Debug|Any CPU.Build.0 = Debug|Any CPU
		{129444E9-098F-4A7E-8F81-78DE61B6FC79}.Release|Any CPU.ActiveCfg = Release|Any CPU
		{129444E9-098F-4A7E-8F81-78DE61B6FC79}.Release|Any CPU.Build.0 = Release|Any CPU
	EndGlobalSection
EndGlobal
