
Microsoft Visual Studio Solution File, Format Version 12.00
Project("{FAE04EC0-301F-11D3-BF4B-00C04F79EFBC}") = "LeetCode", "L58\LeetCode.csproj", "{EAF3D802-585A-4D3A-ADB5-059699723519}"
EndProject
Global
	GlobalSection(SolutionConfigurationPlatforms) = preSolution
		Debug|Any CPU = Debug|Any CPU
		Release|Any CPU = Release|Any CPU
	EndGlobalSection
	GlobalSection(ProjectConfigurationPlatforms) = postSolution
		{EAF3D802-585A-4D3A-ADB5-059699723519}.Debug|Any CPU.ActiveCfg = Debug|Any CPU
		{EAF3D802-585A-4D3A-ADB5-059699723519}.Debug|Any CPU.Build.0 = Debug|Any CPU
		{EAF3D802-585A-4D3A-ADB5-059699723519}.Release|Any CPU.ActiveCfg = Release|Any CPU
		{EAF3D802-585A-4D3A-ADB5-059699723519}.Release|Any CPU.Build.0 = Release|Any CPU
	EndGlobalSection
EndGlobal
