
Microsoft Visual Studio Solution File, Format Version 12.00
Project("{FAE04EC0-301F-11D3-BF4B-00C04F79EFBC}") = "LeetCode", "L208\LeetCode.csproj", "{81CCB8F8-F4E5-432B-B5F7-958CF36DA408}"
EndProject
Global
	GlobalSection(SolutionConfigurationPlatforms) = preSolution
		Debug|Any CPU = Debug|Any CPU
		Release|Any CPU = Release|Any CPU
	EndGlobalSection
	GlobalSection(ProjectConfigurationPlatforms) = postSolution
		{81CCB8F8-F4E5-432B-B5F7-958CF36DA408}.Debug|Any CPU.ActiveCfg = Debug|Any CPU
		{81CCB8F8-F4E5-432B-B5F7-958CF36DA408}.Debug|Any CPU.Build.0 = Debug|Any CPU
		{81CCB8F8-F4E5-432B-B5F7-958CF36DA408}.Release|Any CPU.ActiveCfg = Release|Any CPU
		{81CCB8F8-F4E5-432B-B5F7-958CF36DA408}.Release|Any CPU.Build.0 = Release|Any CPU
	EndGlobalSection
EndGlobal
