
Microsoft Visual Studio Solution File, Format Version 12.00
Project("{FAE04EC0-301F-11D3-BF4B-00C04F79EFBC}") = "L11", "L11\L11.csproj", "{3A3E280F-0A8D-4D67-A563-DF328A75071F}"
EndProject
Global
	GlobalSection(SolutionConfigurationPlatforms) = preSolution
		Debug|Any CPU = Debug|Any CPU
		Release|Any CPU = Release|Any CPU
	EndGlobalSection
	GlobalSection(ProjectConfigurationPlatforms) = postSolution
		{3A3E280F-0A8D-4D67-A563-DF328A75071F}.Debug|Any CPU.ActiveCfg = Debug|Any CPU
		{3A3E280F-0A8D-4D67-A563-DF328A75071F}.Debug|Any CPU.Build.0 = Debug|Any CPU
		{3A3E280F-0A8D-4D67-A563-DF328A75071F}.Release|Any CPU.ActiveCfg = Release|Any CPU
		{3A3E280F-0A8D-4D67-A563-DF328A75071F}.Release|Any CPU.Build.0 = Release|Any CPU
	EndGlobalSection
EndGlobal
