
Microsoft Visual Studio Solution File, Format Version 12.00
Project("{FAE04EC0-301F-11D3-BF4B-00C04F79EFBC}") = "L42", "L42\L42.csproj", "{CBF56A13-FEEF-4573-A5F7-D16BC777221E}"
EndProject
Global
	GlobalSection(SolutionConfigurationPlatforms) = preSolution
		Debug|Any CPU = Debug|Any CPU
		Release|Any CPU = Release|Any CPU
	EndGlobalSection
	GlobalSection(ProjectConfigurationPlatforms) = postSolution
		{CBF56A13-FEEF-4573-A5F7-D16BC777221E}.Debug|Any CPU.ActiveCfg = Debug|Any CPU
		{CBF56A13-FEEF-4573-A5F7-D16BC777221E}.Debug|Any CPU.Build.0 = Debug|Any CPU
		{CBF56A13-FEEF-4573-A5F7-D16BC777221E}.Release|Any CPU.ActiveCfg = Release|Any CPU
		{CBF56A13-FEEF-4573-A5F7-D16BC777221E}.Release|Any CPU.Build.0 = Release|Any CPU
	EndGlobalSection
EndGlobal
