
Microsoft Visual Studio Solution File, Format Version 12.00
Project("{FAE04EC0-301F-11D3-BF4B-00C04F79EFBC}") = "LeetCode", "L206\LeetCode.csproj", "{98667623-C1C2-4EE0-A240-D8DFC3478955}"
EndProject
Global
	GlobalSection(SolutionConfigurationPlatforms) = preSolution
		Debug|Any CPU = Debug|Any CPU
		Release|Any CPU = Release|Any CPU
	EndGlobalSection
	GlobalSection(ProjectConfigurationPlatforms) = postSolution
		{98667623-C1C2-4EE0-A240-D8DFC3478955}.Debug|Any CPU.ActiveCfg = Debug|Any CPU
		{98667623-C1C2-4EE0-A240-D8DFC3478955}.Debug|Any CPU.Build.0 = Debug|Any CPU
		{98667623-C1C2-4EE0-A240-D8DFC3478955}.Release|Any CPU.ActiveCfg = Release|Any CPU
		{98667623-C1C2-4EE0-A240-D8DFC3478955}.Release|Any CPU.Build.0 = Release|Any CPU
	EndGlobalSection
EndGlobal
