
Microsoft Visual Studio Solution File, Format Version 12.00
# Visual Studio 2013
VisualStudioVersion = 12.0.0.0
MinimumVisualStudioVersion = 10.0.0.1
Project("{FAE04EC0-301F-11D3-BF4B-00C04F79EFBC}") = "BinarySearch", "BinarySearch/BinarySearch.csproj", "{32784808-F8AC-48E3-A911-7E20C9931124}"
EndProject
Project("{FAE04EC0-301F-11D3-BF4B-00C04F79EFBC}") = "BinarySearch.UnitTest", "BinarySearch.UnitTest\BinarySearch.UnitTest.csproj", "{BB3E39EE-84EB-43CF-A76E-8EEBA3EA5DFF}"
EndProject
Global
	GlobalSection(SolutionConfigurationPlatforms) = preSolution
		Debug|Any CPU = Debug|Any CPU
		Release|Any CPU = Release|Any CPU
	EndGlobalSection
	GlobalSection(ProjectConfigurationPlatforms) = postSolution
		{32784808-F8AC-48E3-A911-7E20C9931124}.Debug|Any CPU.ActiveCfg = Debug|Any CPU
		{32784808-F8AC-48E3-A911-7E20C9931124}.Debug|Any CPU.Build.0 = Debug|Any CPU
		{32784808-F8AC-48E3-A911-7E20C9931124}.Release|Any CPU.ActiveCfg = Release|Any CPU
		{32784808-F8AC-48E3-A911-7E20C9931124}.Release|Any CPU.Build.0 = Release|Any CPU
		{BB3E39EE-84EB-43CF-A76E-8EEBA3EA5DFF}.Debug|Any CPU.ActiveCfg = Debug|Any CPU
		{BB3E39EE-84EB-43CF-A76E-8EEBA3EA5DFF}.Debug|Any CPU.Build.0 = Debug|Any CPU
		{BB3E39EE-84EB-43CF-A76E-8EEBA3EA5DFF}.Release|Any CPU.ActiveCfg = Release|Any CPU
		{BB3E39EE-84EB-43CF-A76E-8EEBA3EA5DFF}.Release|Any CPU.Build.0 = Release|Any CPU
	EndGlobalSection
	GlobalSection(SolutionProperties) = preSolution
		HideSolutionNode = FALSE
	EndGlobalSection
EndGlobal
