
Microsoft Visual Studio Solution File, Format Version 12.00
Project("{FAE04EC0-301F-11D3-BF4B-00C04F79EFBC}") = "L21", "L21\L21.csproj", "{61BD0B12-7C7D-4605-A987-A9FC798C1744}"
EndProject
Global
	GlobalSection(SolutionConfigurationPlatforms) = preSolution
		Debug|Any CPU = Debug|Any CPU
		Release|Any CPU = Release|Any CPU
	EndGlobalSection
	GlobalSection(ProjectConfigurationPlatforms) = postSolution
		{61BD0B12-7C7D-4605-A987-A9FC798C1744}.Debug|Any CPU.ActiveCfg = Debug|Any CPU
		{61BD0B12-7C7D-4605-A987-A9FC798C1744}.Debug|Any CPU.Build.0 = Debug|Any CPU
		{61BD0B12-7C7D-4605-A987-A9FC798C1744}.Release|Any CPU.ActiveCfg = Release|Any CPU
		{61BD0B12-7C7D-4605-A987-A9FC798C1744}.Release|Any CPU.Build.0 = Release|Any CPU
	EndGlobalSection
EndGlobal
