
Microsoft Visual Studio Solution File, Format Version 12.00
Project("{FAE04EC0-301F-11D3-BF4B-00C04F79EFBC}") = "L278", "L278\L278.csproj", "{6635B34C-FE78-40DC-A67A-B3CAC27F81CC}"
EndProject
Global
	GlobalSection(SolutionConfigurationPlatforms) = preSolution
		Debug|Any CPU = Debug|Any CPU
		Release|Any CPU = Release|Any CPU
	EndGlobalSection
	GlobalSection(ProjectConfigurationPlatforms) = postSolution
		{6635B34C-FE78-40DC-A67A-B3CAC27F81CC}.Debug|Any CPU.ActiveCfg = Debug|Any CPU
		{6635B34C-FE78-40DC-A67A-B3CAC27F81CC}.Debug|Any CPU.Build.0 = Debug|Any CPU
		{6635B34C-FE78-40DC-A67A-B3CAC27F81CC}.Release|Any CPU.ActiveCfg = Release|Any CPU
		{6635B34C-FE78-40DC-A67A-B3CAC27F81CC}.Release|Any CPU.Build.0 = Release|Any CPU
	EndGlobalSection
EndGlobal
