
Microsoft Visual Studio Solution File, Format Version 12.00
Project("{FAE04EC0-301F-11D3-BF4B-00C04F79EFBC}") = "GoogleProblem23", "GoogleProblem23\GoogleProblem23.csproj", "{ADED1335-837A-4404-B040-060420500F4E}"
EndProject
Global
	GlobalSection(SolutionConfigurationPlatforms) = preSolution
		Debug|Any CPU = Debug|Any CPU
		Release|Any CPU = Release|Any CPU
	EndGlobalSection
	GlobalSection(ProjectConfigurationPlatforms) = postSolution
		{ADED1335-837A-4404-B040-060420500F4E}.Debug|Any CPU.ActiveCfg = Debug|Any CPU
		{ADED1335-837A-4404-B040-060420500F4E}.Debug|Any CPU.Build.0 = Debug|Any CPU
		{ADED1335-837A-4404-B040-060420500F4E}.Release|Any CPU.ActiveCfg = Release|Any CPU
		{ADED1335-837A-4404-B040-060420500F4E}.Release|Any CPU.Build.0 = Release|Any CPU
	EndGlobalSection
EndGlobal
