
Microsoft Visual Studio Solution File, Format Version 12.00
Project("{FAE04EC0-301F-11D3-BF4B-00C04F79EFBC}") = "L36", "L36\L36.csproj", "{A2403F08-529F-4B02-AD1D-5F84F1CA47EB}"
EndProject
Global
	GlobalSection(SolutionConfigurationPlatforms) = preSolution
		Debug|Any CPU = Debug|Any CPU
		Release|Any CPU = Release|Any CPU
	EndGlobalSection
	GlobalSection(ProjectConfigurationPlatforms) = postSolution
		{A2403F08-529F-4B02-AD1D-5F84F1CA47EB}.Debug|Any CPU.ActiveCfg = Debug|Any CPU
		{A2403F08-529F-4B02-AD1D-5F84F1CA47EB}.Debug|Any CPU.Build.0 = Debug|Any CPU
		{A2403F08-529F-4B02-AD1D-5F84F1CA47EB}.Release|Any CPU.ActiveCfg = Release|Any CPU
		{A2403F08-529F-4B02-AD1D-5F84F1CA47EB}.Release|Any CPU.Build.0 = Release|Any CPU
	EndGlobalSection
EndGlobal
