
Microsoft Visual Studio Solution File, Format Version 12.00
Project("{FAE04EC0-301F-11D3-BF4B-00C04F79EFBC}") = "L1405", "L1405\L1405.csproj", "{C05D4DB5-621A-4FF9-974C-88E57B1E3847}"
EndProject
Global
	GlobalSection(SolutionConfigurationPlatforms) = preSolution
		Debug|Any CPU = Debug|Any CPU
		Release|Any CPU = Release|Any CPU
	EndGlobalSection
	GlobalSection(ProjectConfigurationPlatforms) = postSolution
		{C05D4DB5-621A-4FF9-974C-88E57B1E3847}.Debug|Any CPU.ActiveCfg = Debug|Any CPU
		{C05D4DB5-621A-4FF9-974C-88E57B1E3847}.Debug|Any CPU.Build.0 = Debug|Any CPU
		{C05D4DB5-621A-4FF9-974C-88E57B1E3847}.Release|Any CPU.ActiveCfg = Release|Any CPU
		{C05D4DB5-621A-4FF9-974C-88E57B1E3847}.Release|Any CPU.Build.0 = Release|Any CPU
	EndGlobalSection
EndGlobal
